
Microsoft Visual Studio Solution File, Format Version 12.00
# Visual Studio Version 16
VisualStudioVersion = 16.0.31410.357
MinimumVisualStudioVersion = 10.0.40219.1
Project("{FAE04EC0-301F-11D3-BF4B-00C04F79EFBC}") = "Consumir", "Consumir\Consumir.csproj", "{80227782-E256-4E50-BF77-04980514E724}"
EndProject
Global
	GlobalSection(SolutionConfigurationPlatforms) = preSolution
		Debug|Any CPU = Debug|Any CPU
		Release|Any CPU = Release|Any CPU
	EndGlobalSection
	GlobalSection(ProjectConfigurationPlatforms) = postSolution
		{80227782-E256-4E50-BF77-04980514E724}.Debug|Any CPU.ActiveCfg = Debug|Any CPU
		{80227782-E256-4E50-BF77-04980514E724}.Debug|Any CPU.Build.0 = Debug|Any CPU
		{80227782-E256-4E50-BF77-04980514E724}.Release|Any CPU.ActiveCfg = Release|Any CPU
		{80227782-E256-4E50-BF77-04980514E724}.Release|Any CPU.Build.0 = Release|Any CPU
	EndGlobalSection
	GlobalSection(SolutionProperties) = preSolution
		HideSolutionNode = FALSE
	EndGlobalSection
	GlobalSection(ExtensibilityGlobals) = postSolution
		SolutionGuid = {F52A42FA-EA75-47F3-80A8-19A081B1DF64}
	EndGlobalSection
EndGlobal
