
Microsoft Visual Studio Solution File, Format Version 12.00
# Visual Studio Version 16
VisualStudioVersion = 16.0.31424.327
MinimumVisualStudioVersion = 10.0.40219.1
Project("{FAE04EC0-301F-11D3-BF4B-00C04F79EFBC}") = "Segip", "Segip\Segip.csproj", "{BA097613-DF87-464C-B0D4-C7E87EDC0E8A}"
EndProject
Global
	GlobalSection(SolutionConfigurationPlatforms) = preSolution
		Debug|Any CPU = Debug|Any CPU
		Release|Any CPU = Release|Any CPU
	EndGlobalSection
	GlobalSection(ProjectConfigurationPlatforms) = postSolution
		{BA097613-DF87-464C-B0D4-C7E87EDC0E8A}.Debug|Any CPU.ActiveCfg = Debug|Any CPU
		{BA097613-DF87-464C-B0D4-C7E87EDC0E8A}.Debug|Any CPU.Build.0 = Debug|Any CPU
		{BA097613-DF87-464C-B0D4-C7E87EDC0E8A}.Release|Any CPU.ActiveCfg = Release|Any CPU
		{BA097613-DF87-464C-B0D4-C7E87EDC0E8A}.Release|Any CPU.Build.0 = Release|Any CPU
	EndGlobalSection
	GlobalSection(SolutionProperties) = preSolution
		HideSolutionNode = FALSE
	EndGlobalSection
	GlobalSection(ExtensibilityGlobals) = postSolution
		SolutionGuid = {6EE48276-128E-4BB3-810B-7DE59193FBE1}
	EndGlobalSection
EndGlobal
