
Microsoft Visual Studio Solution File, Format Version 12.00
# Visual Studio Version 16
VisualStudioVersion = 16.0.31424.327
MinimumVisualStudioVersion = 10.0.40219.1
Project("{FAE04EC0-301F-11D3-BF4B-00C04F79EFBC}") = "ConsumirSEGIP", "ConsumirSEGIP\ConsumirSEGIP.csproj", "{FB115E04-0879-41B2-8CFE-B9D3166E56BE}"
EndProject
Global
	GlobalSection(SolutionConfigurationPlatforms) = preSolution
		Debug|Any CPU = Debug|Any CPU
		Release|Any CPU = Release|Any CPU
	EndGlobalSection
	GlobalSection(ProjectConfigurationPlatforms) = postSolution
		{FB115E04-0879-41B2-8CFE-B9D3166E56BE}.Debug|Any CPU.ActiveCfg = Debug|Any CPU
		{FB115E04-0879-41B2-8CFE-B9D3166E56BE}.Debug|Any CPU.Build.0 = Debug|Any CPU
		{FB115E04-0879-41B2-8CFE-B9D3166E56BE}.Release|Any CPU.ActiveCfg = Release|Any CPU
		{FB115E04-0879-41B2-8CFE-B9D3166E56BE}.Release|Any CPU.Build.0 = Release|Any CPU
	EndGlobalSection
	GlobalSection(SolutionProperties) = preSolution
		HideSolutionNode = FALSE
	EndGlobalSection
	GlobalSection(ExtensibilityGlobals) = postSolution
		SolutionGuid = {1CD70362-8E33-4DEB-A69D-CBB7FDDEB82A}
	EndGlobalSection
EndGlobal
