
Microsoft Visual Studio Solution File, Format Version 12.00
# Visual Studio Version 16
VisualStudioVersion = 16.0.31424.327
MinimumVisualStudioVersion = 10.0.40219.1
Project("{FAE04EC0-301F-11D3-BF4B-00C04F79EFBC}") = "OperacionesConsola", "OperacionesConsola\OperacionesConsola.csproj", "{A04D6523-82CB-4230-A1D7-A7CEDB7363EE}"
EndProject
Global
	GlobalSection(SolutionConfigurationPlatforms) = preSolution
		Debug|Any CPU = Debug|Any CPU
		Release|Any CPU = Release|Any CPU
	EndGlobalSection
	GlobalSection(ProjectConfigurationPlatforms) = postSolution
		{A04D6523-82CB-4230-A1D7-A7CEDB7363EE}.Debug|Any CPU.ActiveCfg = Debug|Any CPU
		{A04D6523-82CB-4230-A1D7-A7CEDB7363EE}.Debug|Any CPU.Build.0 = Debug|Any CPU
		{A04D6523-82CB-4230-A1D7-A7CEDB7363EE}.Release|Any CPU.ActiveCfg = Release|Any CPU
		{A04D6523-82CB-4230-A1D7-A7CEDB7363EE}.Release|Any CPU.Build.0 = Release|Any CPU
	EndGlobalSection
	GlobalSection(SolutionProperties) = preSolution
		HideSolutionNode = FALSE
	EndGlobalSection
	GlobalSection(ExtensibilityGlobals) = postSolution
		SolutionGuid = {B8CEBE6A-24EF-48E9-9E3E-A3AAA4F7C8BB}
	EndGlobalSection
EndGlobal
